// !$*UTF8*$!
{
	archiveVersion = 1;
	classes = {
	};
	objectVersion = 46;
	objects = {

/* Begin PBXBuildFile section */
		7F8035B82AB1962500671B72 /* AppDelegate.swift in Sources */ = {isa = PBXBuildFile; fileRef = 7F8035B72AB1962500671B72 /* AppDelegate.swift */; };
		7F8035BA2AB1962500671B72 /* ViewController.swift in Sources */ = {isa = PBXBuildFile; fileRef = 7F8035B92AB1962500671B72 /* ViewController.swift */; };
		7F8035BD2AB1962500671B72 /* Main.storyboard in Resources */ = {isa = PBXBuildFile; fileRef = 7F8035BB2AB1962500671B72 /* Main.storyboard */; };
		7F8035C02AB1962500671B72 /* mycounter.xcdatamodeld in Sources */ = {isa = PBXBuildFile; fileRef = 7F8035BE2AB1962500671B72 /* mycounter.xcdatamodeld */; };
		7F8035C22AB1962500671B72 /* Assets.xcassets in Resources */ = {isa = PBXBuildFile; fileRef = 7F8035C12AB1962500671B72 /* Assets.xcassets */; };
		7F8035C52AB1962500671B72 /* LaunchScreen.storyboard in Resources */ = {isa = PBXBuildFile; fileRef = 7F8035C32AB1962500671B72 /* LaunchScreen.storyboard */; };
		7F8035D02AB1962500671B72 /* mycounterTests.swift in Sources */ = {isa = PBXBuildFile; fileRef = 7F8035CF2AB1962500671B72 /* mycounterTests.swift */; };
		7F8035DB2AB1962500671B72 /* mycounterUITests.swift in Sources */ = {isa = PBXBuildFile; fileRef = 7F8035DA2AB1962500671B72 /* mycounterUITests.swift */; };
		7F8035E92AB29CED00671B72 /* shiroyuragihaikei-illust11.jpg in Resources */ = {isa = PBXBuildFile; fileRef = 7F8035E82AB29CED00671B72 /* shiroyuragihaikei-illust11.jpg */; };
		7F8035EB2AB2AA0A00671B72 /* README.md in Resources */ = {isa = PBXBuildFile; fileRef = 7F8035EA2AB2AA0A00671B72 /* README.md */; };
/* End PBXBuildFile section */

/* Begin PBXContainerItemProxy section */
		7F8035CC2AB1962500671B72 /* PBXContainerItemProxy */ = {
			isa = PBXContainerItemProxy;
			containerPortal = 7F8035AC2AB1962500671B72 /* Project object */;
			proxyType = 1;
			remoteGlobalIDString = 7F8035B32AB1962500671B72;
			remoteInfo = mycounter;
		};
		7F8035D72AB1962500671B72 /* PBXContainerItemProxy */ = {
			isa = PBXContainerItemProxy;
			containerPortal = 7F8035AC2AB1962500671B72 /* Project object */;
			proxyType = 1;
			remoteGlobalIDString = 7F8035B32AB1962500671B72;
			remoteInfo = mycounter;
		};
/* End PBXContainerItemProxy section */

/* Begin PBXFileReference section */
		7F8035B42AB1962500671B72 /* mycounter.app */ = {isa = PBXFileReference; explicitFileType = wrapper.application; includeInIndex = 0; path = mycounter.app; sourceTree = BUILT_PRODUCTS_DIR; };
		7F8035B72AB1962500671B72 /* AppDelegate.swift */ = {isa = PBXFileReference; lastKnownFileType = sourcecode.swift; path = AppDelegate.swift; sourceTree = "<group>"; };
		7F8035B92AB1962500671B72 /* ViewController.swift */ = {isa = PBXFileReference; lastKnownFileType = sourcecode.swift; path = ViewController.swift; sourceTree = "<group>"; };
		7F8035BC2AB1962500671B72 /* Base */ = {isa = PBXFileReference; lastKnownFileType = file.storyboard; name = Base; path = Base.lproj/Main.storyboard; sourceTree = "<group>"; };
		7F8035BF2AB1962500671B72 /* mycounter.xcdatamodel */ = {isa = PBXFileReference; lastKnownFileType = wrapper.xcdatamodel; path = mycounter.xcdatamodel; sourceTree = "<group>"; };
		7F8035C12AB1962500671B72 /* Assets.xcassets */ = {isa = PBXFileReference; lastKnownFileType = folder.assetcatalog; path = Assets.xcassets; sourceTree = "<group>"; };
		7F8035C42AB1962500671B72 /* Base */ = {isa = PBXFileReference; lastKnownFileType = file.storyboard; name = Base; path = Base.lproj/LaunchScreen.storyboard; sourceTree = "<group>"; };
		7F8035C62AB1962500671B72 /* Info.plist */ = {isa = PBXFileReference; lastKnownFileType = text.plist.xml; path = Info.plist; sourceTree = "<group>"; };
		7F8035CB2AB1962500671B72 /* mycounterTests.xctest */ = {isa = PBXFileReference; explicitFileType = wrapper.cfbundle; includeInIndex = 0; path = mycounterTests.xctest; sourceTree = BUILT_PRODUCTS_DIR; };
		7F8035CF2AB1962500671B72 /* mycounterTests.swift */ = {isa = PBXFileReference; lastKnownFileType = sourcecode.swift; path = mycounterTests.swift; sourceTree = "<group>"; };
		7F8035D12AB1962500671B72 /* Info.plist */ = {isa = PBXFileReference; lastKnownFileType = text.plist.xml; path = Info.plist; sourceTree = "<group>"; };
		7F8035D62AB1962500671B72 /* mycounterUITests.xctest */ = {isa = PBXFileReference; explicitFileType = wrapper.cfbundle; includeInIndex = 0; path = mycounterUITests.xctest; sourceTree = BUILT_PRODUCTS_DIR; };
		7F8035DA2AB1962500671B72 /* mycounterUITests.swift */ = {isa = PBXFileReference; lastKnownFileType = sourcecode.swift; path = mycounterUITests.swift; sourceTree = "<group>"; };
		7F8035DC2AB1962500671B72 /* Info.plist */ = {isa = PBXFileReference; lastKnownFileType = text.plist.xml; path = Info.plist; sourceTree = "<group>"; };
		7F8035E82AB29CED00671B72 /* shiroyuragihaikei-illust11.jpg */ = {isa = PBXFileReference; lastKnownFileType = image.jpeg; name = "shiroyuragihaikei-illust11.jpg"; path = "../../Downloads/shiroyuragihaikei-illust11.jpg"; sourceTree = "<group>"; };
		7F8035EA2AB2AA0A00671B72 /* README.md */ = {isa = PBXFileReference; fileEncoding = 4; lastKnownFileType = net.daringfireball.markdown; path = README.md; sourceTree = "<group>"; };
/* End PBXFileReference section */

/* Begin PBXFrameworksBuildPhase section */
		7F8035B12AB1962500671B72 /* Frameworks */ = {
			isa = PBXFrameworksBuildPhase;
			buildActionMask = 2147483647;
			files = (
			);
			runOnlyForDeploymentPostprocessing = 0;
		};
		7F8035C82AB1962500671B72 /* Frameworks */ = {
			isa = PBXFrameworksBuildPhase;
			buildActionMask = 2147483647;
			files = (
			);
			runOnlyForDeploymentPostprocessing = 0;
		};
		7F8035D32AB1962500671B72 /* Frameworks */ = {
			isa = PBXFrameworksBuildPhase;
			buildActionMask = 2147483647;
			files = (
			);
			runOnlyForDeploymentPostprocessing = 0;
		};
/* End PBXFrameworksBuildPhase section */

/* Begin PBXGroup section */
		7F8035AB2AB1962500671B72 = {
			isa = PBXGroup;
			children = (
				7F8035EA2AB2AA0A00671B72 /* README.md */,
				7F8035E82AB29CED00671B72 /* shiroyuragihaikei-illust11.jpg */,
				7F8035B62AB1962500671B72 /* mycounter */,
				7F8035CE2AB1962500671B72 /* mycounterTests */,
				7F8035D92AB1962500671B72 /* mycounterUITests */,
				7F8035B52AB1962500671B72 /* Products */,
			);
			sourceTree = "<group>";
		};
		7F8035B52AB1962500671B72 /* Products */ = {
			isa = PBXGroup;
			children = (
				7F8035B42AB1962500671B72 /* mycounter.app */,
				7F8035CB2AB1962500671B72 /* mycounterTests.xctest */,
				7F8035D62AB1962500671B72 /* mycounterUITests.xctest */,
			);
			name = Products;
			sourceTree = "<group>";
		};
		7F8035B62AB1962500671B72 /* mycounter */ = {
			isa = PBXGroup;
			children = (
				7F8035B72AB1962500671B72 /* AppDelegate.swift */,
				7F8035B92AB1962500671B72 /* ViewController.swift */,
				7F8035BB2AB1962500671B72 /* Main.storyboard */,
				7F8035C12AB1962500671B72 /* Assets.xcassets */,
				7F8035C32AB1962500671B72 /* LaunchScreen.storyboard */,
				7F8035C62AB1962500671B72 /* Info.plist */,
				7F8035BE2AB1962500671B72 /* mycounter.xcdatamodeld */,
			);
			path = mycounter;
			sourceTree = "<group>";
		};
		7F8035CE2AB1962500671B72 /* mycounterTests */ = {
			isa = PBXGroup;
			children = (
				7F8035CF2AB1962500671B72 /* mycounterTests.swift */,
				7F8035D12AB1962500671B72 /* Info.plist */,
			);
			path = mycounterTests;
			sourceTree = "<group>";
		};
		7F8035D92AB1962500671B72 /* mycounterUITests */ = {
			isa = PBXGroup;
			children = (
				7F8035DA2AB1962500671B72 /* mycounterUITests.swift */,
				7F8035DC2AB1962500671B72 /* Info.plist */,
			);
			path = mycounterUITests;
			sourceTree = "<group>";
		};
/* End PBXGroup section */

/* Begin PBXNativeTarget section */
		7F8035B32AB1962500671B72 /* mycounter */ = {
			isa = PBXNativeTarget;
			buildConfigurationList = 7F8035DF2AB1962500671B72 /* Build configuration list for PBXNativeTarget "mycounter" */;
			buildPhases = (
				7F8035B02AB1962500671B72 /* Sources */,
				7F8035B12AB1962500671B72 /* Frameworks */,
				7F8035B22AB1962500671B72 /* Resources */,
			);
			buildRules = (
			);
			dependencies = (
			);
			name = mycounter;
			productName = mycounter;
			productReference = 7F8035B42AB1962500671B72 /* mycounter.app */;
			productType = "com.apple.product-type.application";
		};
		7F8035CA2AB1962500671B72 /* mycounterTests */ = {
			isa = PBXNativeTarget;
			buildConfigurationList = 7F8035E22AB1962500671B72 /* Build configuration list for PBXNativeTarget "mycounterTests" */;
			buildPhases = (
				7F8035C72AB1962500671B72 /* Sources */,
				7F8035C82AB1962500671B72 /* Frameworks */,
				7F8035C92AB1962500671B72 /* Resources */,
			);
			buildRules = (
			);
			dependencies = (
				7F8035CD2AB1962500671B72 /* PBXTargetDependency */,
			);
			name = mycounterTests;
			productName = mycounterTests;
			productReference = 7F8035CB2AB1962500671B72 /* mycounterTests.xctest */;
			productType = "com.apple.product-type.bundle.unit-test";
		};
		7F8035D52AB1962500671B72 /* mycounterUITests */ = {
			isa = PBXNativeTarget;
			buildConfigurationList = 7F8035E52AB1962500671B72 /* Build configuration list for PBXNativeTarget "mycounterUITests" */;
			buildPhases = (
				7F8035D22AB1962500671B72 /* Sources */,
				7F8035D32AB1962500671B72 /* Frameworks */,
				7F8035D42AB1962500671B72 /* Resources */,
			);
			buildRules = (
			);
			dependencies = (
				7F8035D82AB1962500671B72 /* PBXTargetDependency */,
			);
			name = mycounterUITests;
			productName = mycounterUITests;
			productReference = 7F8035D62AB1962500671B72 /* mycounterUITests.xctest */;
			productType = "com.apple.product-type.bundle.ui-testing";
		};
/* End PBXNativeTarget section */

/* Begin PBXProject section */
		7F8035AC2AB1962500671B72 /* Project object */ = {
			isa = PBXProject;
			attributes = {
				LastSwiftUpdateCheck = 0820;
				LastUpgradeCheck = 0820;
				ORGANIZATIONNAME = nozomi;
				TargetAttributes = {
					7F8035B32AB1962500671B72 = {
						CreatedOnToolsVersion = 8.2.1;
						ProvisioningStyle = Automatic;
					};
					7F8035CA2AB1962500671B72 = {
						CreatedOnToolsVersion = 8.2.1;
						ProvisioningStyle = Automatic;
						TestTargetID = 7F8035B32AB1962500671B72;
					};
					7F8035D52AB1962500671B72 = {
						CreatedOnToolsVersion = 8.2.1;
						ProvisioningStyle = Automatic;
						TestTargetID = 7F8035B32AB1962500671B72;
					};
				};
			};
			buildConfigurationList = 7F8035AF2AB1962500671B72 /* Build configuration list for PBXProject "mycounter" */;
			compatibilityVersion = "Xcode 3.2";
			developmentRegion = English;
			hasScannedForEncodings = 0;
			knownRegions = (
				en,
				Base,
			);
			mainGroup = 7F8035AB2AB1962500671B72;
			productRefGroup = 7F8035B52AB1962500671B72 /* Products */;
			projectDirPath = "";
			projectRoot = "";
			targets = (
				7F8035B32AB1962500671B72 /* mycounter */,
				7F8035CA2AB1962500671B72 /* mycounterTests */,
				7F8035D52AB1962500671B72 /* mycounterUITests */,
			);
		};
/* End PBXProject section */

/* Begin PBXResourcesBuildPhase section */
		7F8035B22AB1962500671B72 /* Resources */ = {
			isa = PBXResourcesBuildPhase;
			buildActionMask = 2147483647;
			files = (
				7F8035C52AB1962500671B72 /* LaunchScreen.storyboard in Resources */,
				7F8035C22AB1962500671B72 /* Assets.xcassets in Resources */,
				7F8035E92AB29CED00671B72 /* shiroyuragihaikei-illust11.jpg in Resources */,
				7F8035BD2AB1962500671B72 /* Main.storyboard in Resources */,
				7F8035EB2AB2AA0A00671B72 /* README.md in Resources */,
			);
			runOnlyForDeploymentPostprocessing = 0;
		};
		7F8035C92AB1962500671B72 /* Resources */ = {
			isa = PBXResourcesBuildPhase;
			buildActionMask = 2147483647;
			files = (
			);
			runOnlyForDeploymentPostprocessing = 0;
		};
		7F8035D42AB1962500671B72 /* Resources */ = {
			isa = PBXResourcesBuildPhase;
			buildActionMask = 2147483647;
			files = (
			);
			runOnlyForDeploymentPostprocessing = 0;
		};
/* End PBXResourcesBuildPhase section */

/* Begin PBXSourcesBuildPhase section */
		7F8035B02AB1962500671B72 /* Sources */ = {
			isa = PBXSourcesBuildPhase;
			buildActionMask = 2147483647;
			files = (
				7F8035C02AB1962500671B72 /* mycounter.xcdatamodeld in Sources */,
				7F8035BA2AB1962500671B72 /* ViewController.swift in Sources */,
				7F8035B82AB1962500671B72 /* AppDelegate.swift in Sources */,
			);
			runOnlyForDeploymentPostprocessing = 0;
		};
		7F8035C72AB1962500671B72 /* Sources */ = {
			isa = PBXSourcesBuildPhase;
			buildActionMask = 2147483647;
			files = (
				7F8035D02AB1962500671B72 /* mycounterTests.swift in Sources */,
			);
			runOnlyForDeploymentPostprocessing = 0;
		};
		7F8035D22AB1962500671B72 /* Sources */ = {
			isa = PBXSourcesBuildPhase;
			buildActionMask = 2147483647;
			files = (
				7F8035DB2AB1962500671B72 /* mycounterUITests.swift in Sources */,
			);
			runOnlyForDeploymentPostprocessing = 0;
		};
/* End PBXSourcesBuildPhase section */

/* Begin PBXTargetDependency section */
		7F8035CD2AB1962500671B72 /* PBXTargetDependency */ = {
			isa = PBXTargetDependency;
			target = 7F8035B32AB1962500671B72 /* mycounter */;
			targetProxy = 7F8035CC2AB1962500671B72 /* PBXContainerItemProxy */;
		};
		7F8035D82AB1962500671B72 /* PBXTargetDependency */ = {
			isa = PBXTargetDependency;
			target = 7F8035B32AB1962500671B72 /* mycounter */;
			targetProxy = 7F8035D72AB1962500671B72 /* PBXContainerItemProxy */;
		};
/* End PBXTargetDependency section */

/* Begin PBXVariantGroup section */
		7F8035BB2AB1962500671B72 /* Main.storyboard */ = {
			isa = PBXVariantGroup;
			children = (
				7F8035BC2AB1962500671B72 /* Base */,
			);
			name = Main.storyboard;
			sourceTree = "<group>";
		};
		7F8035C32AB1962500671B72 /* LaunchScreen.storyboard */ = {
			isa = PBXVariantGroup;
			children = (
				7F8035C42AB1962500671B72 /* Base */,
			);
			name = LaunchScreen.storyboard;
			sourceTree = "<group>";
		};
/* End PBXVariantGroup section */

/* Begin XCBuildConfiguration section */
		7F8035DD2AB1962500671B72 /* Debug */ = {
			isa = XCBuildConfiguration;
			buildSettings = {
				ALWAYS_SEARCH_USER_PATHS = NO;
				CLANG_ANALYZER_NONNULL = YES;
				CLANG_CXX_LANGUAGE_STANDARD = "gnu++0x";
				CLANG_CXX_LIBRARY = "libc++";
				CLANG_ENABLE_MODULES = YES;
				CLANG_ENABLE_OBJC_ARC = YES;
				CLANG_WARN_BOOL_CONVERSION = YES;
				CLANG_WARN_CONSTANT_CONVERSION = YES;
				CLANG_WARN_DIRECT_OBJC_ISA_USAGE = YES_ERROR;
				CLANG_WARN_DOCUMENTATION_COMMENTS = YES;
				CLANG_WARN_EMPTY_BODY = YES;
				CLANG_WARN_ENUM_CONVERSION = YES;
				CLANG_WARN_INFINITE_RECURSION = YES;
				CLANG_WARN_INT_CONVERSION = YES;
				CLANG_WARN_OBJC_ROOT_CLASS = YES_ERROR;
				CLANG_WARN_SUSPICIOUS_MOVE = YES;
				CLANG_WARN_UNREACHABLE_CODE = YES;
				CLANG_WARN__DUPLICATE_METHOD_MATCH = YES;
				"CODE_SIGN_IDENTITY[sdk=iphoneos*]" = "iPhone Developer";
				COPY_PHASE_STRIP = NO;
				DEBUG_INFORMATION_FORMAT = dwarf;
				ENABLE_STRICT_OBJC_MSGSEND = YES;
				ENABLE_TESTABILITY = YES;
				GCC_C_LANGUAGE_STANDARD = gnu99;
				GCC_DYNAMIC_NO_PIC = NO;
				GCC_NO_COMMON_BLOCKS = YES;
				GCC_OPTIMIZATION_LEVEL = 0;
				GCC_PREPROCESSOR_DEFINITIONS = (
					"DEBUG=1",
					"$(inherited)",
				);
				GCC_WARN_64_TO_32_BIT_CONVERSION = YES;
				GCC_WARN_ABOUT_RETURN_TYPE = YES_ERROR;
				GCC_WARN_UNDECLARED_SELECTOR = YES;
				GCC_WARN_UNINITIALIZED_AUTOS = YES_AGGRESSIVE;
				GCC_WARN_UNUSED_FUNCTION = YES;
				GCC_WARN_UNUSED_VARIABLE = YES;
				IPHONEOS_DEPLOYMENT_TARGET = 10.2;
				MTL_ENABLE_DEBUG_INFO = YES;
				ONLY_ACTIVE_ARCH = YES;
				SDKROOT = iphoneos;
				SWIFT_ACTIVE_COMPILATION_CONDITIONS = DEBUG;
				SWIFT_OPTIMIZATION_LEVEL = "-Onone";
			};
			name = Debug;
		};
		7F8035DE2AB1962500671B72 /* Release */ = {
			isa = XCBuildConfiguration;
			buildSettings = {
				ALWAYS_SEARCH_USER_PATHS = NO;
				CLANG_ANALYZER_NONNULL = YES;
				CLANG_CXX_LANGUAGE_STANDARD = "gnu++0x";
				CLANG_CXX_LIBRARY = "libc++";
				CLANG_ENABLE_MODULES = YES;
				CLANG_ENABLE_OBJC_ARC = YES;
				CLANG_WARN_BOOL_CONVERSION = YES;
				CLANG_WARN_CONSTANT_CONVERSION = YES;
				CLANG_WARN_DIRECT_OBJC_ISA_USAGE = YES_ERROR;
				CLANG_WARN_DOCUMENTATION_COMMENTS = YES;
				CLANG_WARN_EMPTY_BODY = YES;
				CLANG_WARN_ENUM_CONVERSION = YES;
				CLANG_WARN_INFINITE_RECURSION = YES;
				CLANG_WARN_INT_CONVERSION = YES;
				CLANG_WARN_OBJC_ROOT_CLASS = YES_ERROR;
				CLANG_WARN_SUSPICIOUS_MOVE = YES;
				CLANG_WARN_UNREACHABLE_CODE = YES;
				CLANG_WARN__DUPLICATE_METHOD_MATCH = YES;
				"CODE_SIGN_IDENTITY[sdk=iphoneos*]" = "iPhone Developer";
				COPY_PHASE_STRIP = NO;
				DEBUG_INFORMATION_FORMAT = "dwarf-with-dsym";
				ENABLE_NS_ASSERTIONS = NO;
				ENABLE_STRICT_OBJC_MSGSEND = YES;
				GCC_C_LANGUAGE_STANDARD = gnu99;
				GCC_NO_COMMON_BLOCKS = YES;
				GCC_WARN_64_TO_32_BIT_CONVERSION = YES;
				GCC_WARN_ABOUT_RETURN_TYPE = YES_ERROR;
				GCC_WARN_UNDECLARED_SELECTOR = YES;
				GCC_WARN_UNINITIALIZED_AUTOS = YES_AGGRESSIVE;
				GCC_WARN_UNUSED_FUNCTION = YES;
				GCC_WARN_UNUSED_VARIABLE = YES;
				IPHONEOS_DEPLOYMENT_TARGET = 10.2;
				MTL_ENABLE_DEBUG_INFO = NO;
				SDKROOT = iphoneos;
				SWIFT_OPTIMIZATION_LEVEL = "-Owholemodule";
				VALIDATE_PRODUCT = YES;
			};
			name = Release;
		};
		7F8035E02AB1962500671B72 /* Debug */ = {
			isa = XCBuildConfiguration;
			buildSettings = {
				ASSETCATALOG_COMPILER_APPICON_NAME = AppIcon;
				INFOPLIST_FILE = mycounter/Info.plist;
				LD_RUNPATH_SEARCH_PATHS = "$(inherited) @executable_path/Frameworks";
				PRODUCT_BUNDLE_IDENTIFIER = com.counter.mycounter;
				PRODUCT_NAME = "$(TARGET_NAME)";
				SWIFT_VERSION = 3.0;
			};
			name = Debug;
		};
		7F8035E12AB1962500671B72 /* Release */ = {
			isa = XCBuildConfiguration;
			buildSettings = {
				ASSETCATALOG_COMPILER_APPICON_NAME = AppIcon;
				INFOPLIST_FILE = mycounter/Info.plist;
				LD_RUNPATH_SEARCH_PATHS = "$(inherited) @executable_path/Frameworks";
				PRODUCT_BUNDLE_IDENTIFIER = com.counter.mycounter;
				PRODUCT_NAME = "$(TARGET_NAME)";
				SWIFT_VERSION = 3.0;
			};
			name = Release;
		};
		7F8035E32AB1962500671B72 /* Debug */ = {
			isa = XCBuildConfiguration;
			buildSettings = {
				ALWAYS_EMBED_SWIFT_STANDARD_LIBRARIES = YES;
				BUNDLE_LOADER = "$(TEST_HOST)";
				INFOPLIST_FILE = mycounterTests/Info.plist;
				LD_RUNPATH_SEARCH_PATHS = "$(inherited) @executable_path/Frameworks @loader_path/Frameworks";
				PRODUCT_BUNDLE_IDENTIFIER = com.counter.mycounterTests;
				PRODUCT_NAME = "$(TARGET_NAME)";
				SWIFT_VERSION = 3.0;
				TEST_HOST = "$(BUILT_PRODUCTS_DIR)/mycounter.app/mycounter";
			};
			name = Debug;
		};
		7F8035E42AB1962500671B72 /* Release */ = {
			isa = XCBuildConfiguration;
			buildSettings = {
				ALWAYS_EMBED_SWIFT_STANDARD_LIBRARIES = YES;
				BUNDLE_LOADER = "$(TEST_HOST)";
				INFOPLIST_FILE = mycounterTests/Info.plist;
				LD_RUNPATH_SEARCH_PATHS = "$(inherited) @executable_path/Frameworks @loader_path/Frameworks";
				PRODUCT_BUNDLE_IDENTIFIER = com.counter.mycounterTests;
				PRODUCT_NAME = "$(TARGET_NAME)";
				SWIFT_VERSION = 3.0;
				TEST_HOST = "$(BUILT_PRODUCTS_DIR)/mycounter.app/mycounter";
			};
			name = Release;
		};
		7F8035E62AB1962500671B72 /* Debug */ = {
			isa = XCBuildConfiguration;
			buildSettings = {
				ALWAYS_EMBED_SWIFT_STANDARD_LIBRARIES = YES;
				INFOPLIST_FILE = mycounterUITests/Info.plist;
				LD_RUNPATH_SEARCH_PATHS = "$(inherited) @executable_path/Frameworks @loader_path/Frameworks";
				PRODUCT_BUNDLE_IDENTIFIER = com.counter.mycounterUITests;
				PRODUCT_NAME = "$(TARGET_NAME)";
				SWIFT_VERSION = 3.0;
				TEST_TARGET_NAME = mycounter;
			};
			name = Debug;
		};
		7F8035E72AB1962500671B72 /* Release */ = {
			isa = XCBuildConfiguration;
			buildSettings = {
				ALWAYS_EMBED_SWIFT_STANDARD_LIBRARIES = YES;
				INFOPLIST_FILE = mycounterUITests/Info.plist;
				LD_RUNPATH_SEARCH_PATHS = "$(inherited) @executable_path/Frameworks @loader_path/Frameworks";
				PRODUCT_BUNDLE_IDENTIFIER = com.counter.mycounterUITests;
				PRODUCT_NAME = "$(TARGET_NAME)";
				SWIFT_VERSION = 3.0;
				TEST_TARGET_NAME = mycounter;
			};
			name = Release;
		};
/* End XCBuildConfiguration section */

/* Begin XCConfigurationList section */
		7F8035AF2AB1962500671B72 /* Build configuration list for PBXProject "mycounter" */ = {
			isa = XCConfigurationList;
			buildConfigurations = (
				7F8035DD2AB1962500671B72 /* Debug */,
				7F8035DE2AB1962500671B72 /* Release */,
			);
			defaultConfigurationIsVisible = 0;
			defaultConfigurationName = Release;
		};
		7F8035DF2AB1962500671B72 /* Build configuration list for PBXNativeTarget "mycounter" */ = {
			isa = XCConfigurationList;
			buildConfigurations = (
				7F8035E02AB1962500671B72 /* Debug */,
				7F8035E12AB1962500671B72 /* Release */,
			);
			defaultConfigurationIsVisible = 0;
		};
		7F8035E22AB1962500671B72 /* Build configuration list for PBXNativeTarget "mycounterTests" */ = {
			isa = XCConfigurationList;
			buildConfigurations = (
				7F8035E32AB1962500671B72 /* Debug */,
				7F8035E42AB1962500671B72 /* Release */,
			);
			defaultConfigurationIsVisible = 0;
		};
		7F8035E52AB1962500671B72 /* Build configuration list for PBXNativeTarget "mycounterUITests" */ = {
			isa = XCConfigurationList;
			buildConfigurations = (
				7F8035E62AB1962500671B72 /* Debug */,
				7F8035E72AB1962500671B72 /* Release */,
			);
			defaultConfigurationIsVisible = 0;
		};
/* End XCConfigurationList section */

/* Begin XCVersionGroup section */
		7F8035BE2AB1962500671B72 /* mycounter.xcdatamodeld */ = {
			isa = XCVersionGroup;
			children = (
				7F8035BF2AB1962500671B72 /* mycounter.xcdatamodel */,
			);
			currentVersion = 7F8035BF2AB1962500671B72 /* mycounter.xcdatamodel */;
			path = mycounter.xcdatamodeld;
			sourceTree = "<group>";
			versionGroupType = wrapper.xcdatamodel;
		};
/* End XCVersionGroup section */
	};
	rootObject = 7F8035AC2AB1962500671B72 /* Project object */;
}
